
Microsoft Visual Studio Solution File, Format Version 12.00
# Visual Studio Version 17
VisualStudioVersion = 17.8.34601.278
MinimumVisualStudioVersion = 10.0.40219.1
Project("{FAE04EC0-301F-11D3-BF4B-00C04F79EFBC}") = "C#_Project", "Teste2\C#_Project.csproj", "{F8D7C412-25B2-4C80-A6E3-ABAECC2B44F6}"
EndProject
Global
	GlobalSection(SolutionConfigurationPlatforms) = preSolution
		Debug|Any CPU = Debug|Any CPU
		Release|Any CPU = Release|Any CPU
	EndGlobalSection
	GlobalSection(ProjectConfigurationPlatforms) = postSolution
		{F8D7C412-25B2-4C80-A6E3-ABAECC2B44F6}.Debug|Any CPU.ActiveCfg = Debug|Any CPU
		{F8D7C412-25B2-4C80-A6E3-ABAECC2B44F6}.Debug|Any CPU.Build.0 = Debug|Any CPU
		{F8D7C412-25B2-4C80-A6E3-ABAECC2B44F6}.Release|Any CPU.ActiveCfg = Release|Any CPU
		{F8D7C412-25B2-4C80-A6E3-ABAECC2B44F6}.Release|Any CPU.Build.0 = Release|Any CPU
	EndGlobalSection
	GlobalSection(SolutionProperties) = preSolution
		HideSolutionNode = FALSE
	EndGlobalSection
	GlobalSection(ExtensibilityGlobals) = postSolution
		SolutionGuid = {50FD2CCF-F741-4EDA-AF45-7C8FB7E16280}
	EndGlobalSection
EndGlobal
